
Microsoft Visual Studio Solution File, Format Version 12.00
# Visual Studio Version 16
VisualStudioVersion = 16.0.31129.286
MinimumVisualStudioVersion = 10.0.40219.1
Project("{2150E333-8FDC-42A3-9474-1A3956D46DE8}") = "1 - UI", "1 - UI", "{592D3B3A-3F1F-4A0E-ACBC-AE473372D443}"
EndProject
Project("{2150E333-8FDC-42A3-9474-1A3956D46DE8}") = "2 - Application", "2 - Application", "{4933FA11-2775-4420-9F4F-B503F78463AE}"
EndProject
Project("{2150E333-8FDC-42A3-9474-1A3956D46DE8}") = "3 - Domain", "3 - Domain", "{5C2E69F6-5C12-40E3-BB6B-BC353591D302}"
EndProject
Project("{2150E333-8FDC-42A3-9474-1A3956D46DE8}") = "4 - CrossLayer", "4 - CrossLayer", "{440D571A-1F15-4D44-BA08-41B4EDA850BD}"
EndProject
Project("{9A19103F-16F7-4668-BE54-9A1E7A4F7556}") = "Sim.Domain", "src\Sim.Domain\Sim.Domain.csproj", "{24741B2A-2F37-4238-ACA3-8D3D04D0EFFD}"
EndProject
Project("{9A19103F-16F7-4668-BE54-9A1E7A4F7556}") = "Sim.Cross.Data", "src\Sim.Cross.Data\Sim.Cross.Data.csproj", "{EA89A801-47F4-4BA6-83C8-E839BB4FAB96}"
EndProject
Project("{9A19103F-16F7-4668-BE54-9A1E7A4F7556}") = "Sim.Application", "src\Sim.Application\Sim.Application.csproj", "{EDE49693-2CF2-4105-93A0-DE65B7B15F72}"
EndProject
Project("{9A19103F-16F7-4668-BE54-9A1E7A4F7556}") = "Sim.Cross.Ioc", "src\Sim.Cross.Ioc\Sim.Cross.Ioc.csproj", "{3619C089-3442-4538-A838-79B9B35FBADB}"
EndProject
Project("{9A19103F-16F7-4668-BE54-9A1E7A4F7556}") = "Sim.Cross.Identity", "src\Sim.Cross.Identity\Sim.Cross.Identity.csproj", "{85BBC74D-BCC6-402B-8E06-CB3C12A3AA53}"
EndProject
Project("{9A19103F-16F7-4668-BE54-9A1E7A4F7556}") = "Sim.UI.Web", "src\Sim.UI.Web\Sim.UI.Web.csproj", "{027C0381-DEF4-4F5E-84DC-1602A34F59F4}"
EndProject
Project("{2150E333-8FDC-42A3-9474-1A3956D46DE8}") = "5 - Service", "5 - Service", "{7D5AA059-3F1E-460E-B7B9-326FF5061A81}"
EndProject
Project("{FAE04EC0-301F-11D3-BF4B-00C04F79EFBC}") = "Sim.Service", "src\Sim.Service\Sim.Service.csproj", "{3543A05A-C8D9-4B2D-8EDE-66B1D0AA8477}"
EndProject
Global
	GlobalSection(SolutionConfigurationPlatforms) = preSolution
		Debug|Any CPU = Debug|Any CPU
		Release|Any CPU = Release|Any CPU
	EndGlobalSection
	GlobalSection(ProjectConfigurationPlatforms) = postSolution
		{24741B2A-2F37-4238-ACA3-8D3D04D0EFFD}.Debug|Any CPU.ActiveCfg = Debug|Any CPU
		{24741B2A-2F37-4238-ACA3-8D3D04D0EFFD}.Debug|Any CPU.Build.0 = Debug|Any CPU
		{24741B2A-2F37-4238-ACA3-8D3D04D0EFFD}.Release|Any CPU.ActiveCfg = Release|Any CPU
		{24741B2A-2F37-4238-ACA3-8D3D04D0EFFD}.Release|Any CPU.Build.0 = Release|Any CPU
		{EA89A801-47F4-4BA6-83C8-E839BB4FAB96}.Debug|Any CPU.ActiveCfg = Debug|Any CPU
		{EA89A801-47F4-4BA6-83C8-E839BB4FAB96}.Debug|Any CPU.Build.0 = Debug|Any CPU
		{EA89A801-47F4-4BA6-83C8-E839BB4FAB96}.Release|Any CPU.ActiveCfg = Release|Any CPU
		{EA89A801-47F4-4BA6-83C8-E839BB4FAB96}.Release|Any CPU.Build.0 = Release|Any CPU
		{EDE49693-2CF2-4105-93A0-DE65B7B15F72}.Debug|Any CPU.ActiveCfg = Debug|Any CPU
		{EDE49693-2CF2-4105-93A0-DE65B7B15F72}.Debug|Any CPU.Build.0 = Debug|Any CPU
		{EDE49693-2CF2-4105-93A0-DE65B7B15F72}.Release|Any CPU.ActiveCfg = Release|Any CPU
		{EDE49693-2CF2-4105-93A0-DE65B7B15F72}.Release|Any CPU.Build.0 = Release|Any CPU
		{3619C089-3442-4538-A838-79B9B35FBADB}.Debug|Any CPU.ActiveCfg = Debug|Any CPU
		{3619C089-3442-4538-A838-79B9B35FBADB}.Debug|Any CPU.Build.0 = Debug|Any CPU
		{3619C089-3442-4538-A838-79B9B35FBADB}.Release|Any CPU.ActiveCfg = Release|Any CPU
		{3619C089-3442-4538-A838-79B9B35FBADB}.Release|Any CPU.Build.0 = Release|Any CPU
		{85BBC74D-BCC6-402B-8E06-CB3C12A3AA53}.Debug|Any CPU.ActiveCfg = Debug|Any CPU
		{85BBC74D-BCC6-402B-8E06-CB3C12A3AA53}.Debug|Any CPU.Build.0 = Debug|Any CPU
		{85BBC74D-BCC6-402B-8E06-CB3C12A3AA53}.Release|Any CPU.ActiveCfg = Release|Any CPU
		{85BBC74D-BCC6-402B-8E06-CB3C12A3AA53}.Release|Any CPU.Build.0 = Release|Any CPU
		{027C0381-DEF4-4F5E-84DC-1602A34F59F4}.Debug|Any CPU.ActiveCfg = Debug|Any CPU
		{027C0381-DEF4-4F5E-84DC-1602A34F59F4}.Debug|Any CPU.Build.0 = Debug|Any CPU
		{027C0381-DEF4-4F5E-84DC-1602A34F59F4}.Release|Any CPU.ActiveCfg = Release|Any CPU
		{027C0381-DEF4-4F5E-84DC-1602A34F59F4}.Release|Any CPU.Build.0 = Release|Any CPU
		{3543A05A-C8D9-4B2D-8EDE-66B1D0AA8477}.Debug|Any CPU.ActiveCfg = Debug|Any CPU
		{3543A05A-C8D9-4B2D-8EDE-66B1D0AA8477}.Debug|Any CPU.Build.0 = Debug|Any CPU
		{3543A05A-C8D9-4B2D-8EDE-66B1D0AA8477}.Release|Any CPU.ActiveCfg = Release|Any CPU
		{3543A05A-C8D9-4B2D-8EDE-66B1D0AA8477}.Release|Any CPU.Build.0 = Release|Any CPU
	EndGlobalSection
	GlobalSection(SolutionProperties) = preSolution
		HideSolutionNode = FALSE
	EndGlobalSection
	GlobalSection(NestedProjects) = preSolution
		{24741B2A-2F37-4238-ACA3-8D3D04D0EFFD} = {5C2E69F6-5C12-40E3-BB6B-BC353591D302}
		{EA89A801-47F4-4BA6-83C8-E839BB4FAB96} = {440D571A-1F15-4D44-BA08-41B4EDA850BD}
		{EDE49693-2CF2-4105-93A0-DE65B7B15F72} = {4933FA11-2775-4420-9F4F-B503F78463AE}
		{3619C089-3442-4538-A838-79B9B35FBADB} = {440D571A-1F15-4D44-BA08-41B4EDA850BD}
		{85BBC74D-BCC6-402B-8E06-CB3C12A3AA53} = {440D571A-1F15-4D44-BA08-41B4EDA850BD}
		{027C0381-DEF4-4F5E-84DC-1602A34F59F4} = {592D3B3A-3F1F-4A0E-ACBC-AE473372D443}
		{3543A05A-C8D9-4B2D-8EDE-66B1D0AA8477} = {7D5AA059-3F1E-460E-B7B9-326FF5061A81}
	EndGlobalSection
	GlobalSection(ExtensibilityGlobals) = postSolution
		SolutionGuid = {1B11FE2A-28CC-44F7-908B-ED73577CCCEE}
	EndGlobalSection
EndGlobal
